{
  "name": "molecular-formula",
  "version": "0.1.0",
  "lockfileVersion": 1,
  "dependencies": {
    "isotope-abundances": {
      "version": "2.0.1",
      "resolved": "https://registry.npmjs.org/isotope-abundances/-/isotope-abundances-2.0.1.tgz",
      "integrity": "sha512-h7zfTeyc7STQiseeKORw2yr94jGbl5pcOLyKP/itWMki/XYCJYfpoOAlvmG/kVswewFdGWgy0r6+Gviiqmxa0A=="
    }
  }
}
